# This file is automatically @generated by Cargo.
# It is not intended for manual editing.
version = 4

[[package]]
name = "obs-chain"
version = "1.0.0"
dependencies = [
 "obs-crypto",
 "obs-primitives",
]

[[package]]
name = "obs-consensus"
version = "1.0.0"
dependencies = [
 "obs-chain",
 "obs-crypto",
 "obs-primitives",
]

[[package]]
name = "obs-crypto"
version = "1.0.0"

[[package]]
name = "obs-gateway"
version = "1.0.0"
dependencies = [
 "obs-chain",
 "obs-crypto",
 "obs-node",
 "obs-primitives",
 "obs-rpc",
 "obs-wallet",
]

[[package]]
name = "obs-mempool"
version = "1.0.0"
dependencies = [
 "obs-chain",
 "obs-crypto",
 "obs-primitives",
]

[[package]]
name = "obs-node"
version = "1.0.0"
dependencies = [
 "obs-chain",
 "obs-consensus",
 "obs-crypto",
 "obs-mempool",
 "obs-p2p",
 "obs-primitives",
 "obs-rpc",
]

[[package]]
name = "obs-p2p"
version = "1.0.0"
dependencies = [
 "obs-chain",
 "obs-crypto",
 "obs-primitives",
]

[[package]]
name = "obs-primitives"
version = "1.0.0"
dependencies = [
 "obs-crypto",
]

[[package]]
name = "obs-rpc"
version = "1.0.0"
dependencies = [
 "obs-crypto",
 "obs-primitives",
]

[[package]]
name = "obs-wallet"
version = "1.0.0"
dependencies = [
 "obs-chain",
 "obs-crypto",
 "obs-primitives",
]
